
Microsoft Visual Studio Solution File, Format Version 12.00
# Visual Studio 15
VisualStudioVersion = 15.0.26730.16
MinimumVisualStudioVersion = 10.0.40219.1
Project("{FAE04EC0-301F-11D3-BF4B-00C04F79EFBC}") = "PubgSpa2", "PubgSpa2\PubgSpa2.csproj", "{F6483779-1550-4557-9EC5-BAE13258C5D0}"
EndProject
Global
	GlobalSection(SolutionConfigurationPlatforms) = preSolution
		Debug|Any CPU = Debug|Any CPU
		Release|Any CPU = Release|Any CPU
	EndGlobalSection
	GlobalSection(ProjectConfigurationPlatforms) = postSolution
		{F6483779-1550-4557-9EC5-BAE13258C5D0}.Debug|Any CPU.ActiveCfg = Debug|Any CPU
		{F6483779-1550-4557-9EC5-BAE13258C5D0}.Debug|Any CPU.Build.0 = Debug|Any CPU
		{F6483779-1550-4557-9EC5-BAE13258C5D0}.Release|Any CPU.ActiveCfg = Release|Any CPU
		{F6483779-1550-4557-9EC5-BAE13258C5D0}.Release|Any CPU.Build.0 = Release|Any CPU
	EndGlobalSection
	GlobalSection(SolutionProperties) = preSolution
		HideSolutionNode = FALSE
	EndGlobalSection
	GlobalSection(ExtensibilityGlobals) = postSolution
		SolutionGuid = {B7029F81-24BD-4056-9292-40345256AE68}
	EndGlobalSection
EndGlobal
